
Microsoft Visual Studio Solution File, Format Version 12.00
# Visual Studio Version 16
VisualStudioVersion = 16.0.32413.511
MinimumVisualStudioVersion = 10.0.40219.1
Project("{FAE04EC0-301F-11D3-BF4B-00C04F79EFBC}") = "ExtensioMethod", "ExtensioMethod\ExtensioMethod.csproj", "{85CB6667-2C37-4AFB-8B6C-CDD989865370}"
EndProject
Global
	GlobalSection(SolutionConfigurationPlatforms) = preSolution
		Debug|Any CPU = Debug|Any CPU
		Release|Any CPU = Release|Any CPU
	EndGlobalSection
	GlobalSection(ProjectConfigurationPlatforms) = postSolution
		{85CB6667-2C37-4AFB-8B6C-CDD989865370}.Debug|Any CPU.ActiveCfg = Debug|Any CPU
		{85CB6667-2C37-4AFB-8B6C-CDD989865370}.Debug|Any CPU.Build.0 = Debug|Any CPU
		{85CB6667-2C37-4AFB-8B6C-CDD989865370}.Release|Any CPU.ActiveCfg = Release|Any CPU
		{85CB6667-2C37-4AFB-8B6C-CDD989865370}.Release|Any CPU.Build.0 = Release|Any CPU
	EndGlobalSection
	GlobalSection(SolutionProperties) = preSolution
		HideSolutionNode = FALSE
	EndGlobalSection
	GlobalSection(ExtensibilityGlobals) = postSolution
		SolutionGuid = {B4AF917E-EF6A-42FE-B525-FBF4B42A7ECF}
	EndGlobalSection
EndGlobal
